Microsoft Visual Studio Solution File, Format Version 12.00
# Visual Studio 15
VisualStudioVersion = 15.0.26730.15
MinimumVisualStudioVersion = 15.0.26124.0
Project("{2150E333-8FDC-42A3-9474-1A3956D46DE8}") = "src", "src", "{5A024705-451F-4FEC-806A-A2B57C244642}"
EndProject
Project("{9A19103F-16F7-4668-BE54-9A1E7A4F7556}") = "LSP.Client", "src\LSP.Client\LSP.Client.csproj", "{565262C2-C4BA-4F84-AEFD-640957242DB7}"
EndProject
Project("{2150E333-8FDC-42A3-9474-1A3956D46DE8}") = "samples", "samples", "{916B0890-5C6C-4D47-8EF1-59754FE8A115}"
EndProject
Project("{9A19103F-16F7-4668-BE54-9A1E7A4F7556}") = "Common", "samples\Common\Common.csproj", "{E3EF02AD-0475-4F28-8871-282BEF7E662F}"
EndProject
Project("{9A19103F-16F7-4668-BE54-9A1E7A4F7556}") = "Server", "samples\Server\Server.csproj", "{F62816DF-9310-4E6E-9E8C-3322EDC7A84C}"
EndProject
Project("{9A19103F-16F7-4668-BE54-9A1E7A4F7556}") = "Client", "samples\Client\Client.csproj", "{9AA8E6F8-50F8-444A-8C74-FC94339509F6}"
EndProject
Project("{FAE04EC0-301F-11D3-BF4B-00C04F79EFBC}") = "VisualStudioExtension", "VisualStudioExtension\VisualStudioExtension.csproj", "{90E17BBD-AC7B-4D1C-95FE-CB5176737CED}"
EndProject
Global
	GlobalSection(SolutionConfigurationPlatforms) = preSolution
		Debug|Any CPU = Debug|Any CPU
		Debug|x64 = Debug|x64
		Debug|x86 = Debug|x86
		Release|Any CPU = Release|Any CPU
		Release|x64 = Release|x64
		Release|x86 = Release|x86
	EndGlobalSection
	GlobalSection(ProjectConfigurationPlatforms) = postSolution
		{565262C2-C4BA-4F84-AEFD-640957242DB7}.Debug|Any CPU.ActiveCfg = Debug|Any CPU
		{565262C2-C4BA-4F84-AEFD-640957242DB7}.Debug|Any CPU.Build.0 = Debug|Any CPU
		{565262C2-C4BA-4F84-AEFD-640957242DB7}.Debug|x64.ActiveCfg = Debug|Any CPU
		{565262C2-C4BA-4F84-AEFD-640957242DB7}.Debug|x64.Build.0 = Debug|Any CPU
		{565262C2-C4BA-4F84-AEFD-640957242DB7}.Debug|x86.ActiveCfg = Debug|Any CPU
		{565262C2-C4BA-4F84-AEFD-640957242DB7}.Debug|x86.Build.0 = Debug|Any CPU
		{565262C2-C4BA-4F84-AEFD-640957242DB7}.Release|Any CPU.ActiveCfg = Release|Any CPU
		{565262C2-C4BA-4F84-AEFD-640957242DB7}.Release|Any CPU.Build.0 = Release|Any CPU
		{565262C2-C4BA-4F84-AEFD-640957242DB7}.Release|x64.ActiveCfg = Release|Any CPU
		{565262C2-C4BA-4F84-AEFD-640957242DB7}.Release|x64.Build.0 = Release|Any CPU
		{565262C2-C4BA-4F84-AEFD-640957242DB7}.Release|x86.ActiveCfg = Release|Any CPU
		{565262C2-C4BA-4F84-AEFD-640957242DB7}.Release|x86.Build.0 = Release|Any CPU
		{E3EF02AD-0475-4F28-8871-282BEF7E662F}.Debug|Any CPU.ActiveCfg = Debug|Any CPU
		{E3EF02AD-0475-4F28-8871-282BEF7E662F}.Debug|Any CPU.Build.0 = Debug|Any CPU
		{E3EF02AD-0475-4F28-8871-282BEF7E662F}.Debug|x64.ActiveCfg = Debug|Any CPU
		{E3EF02AD-0475-4F28-8871-282BEF7E662F}.Debug|x64.Build.0 = Debug|Any CPU
		{E3EF02AD-0475-4F28-8871-282BEF7E662F}.Debug|x86.ActiveCfg = Debug|Any CPU
		{E3EF02AD-0475-4F28-8871-282BEF7E662F}.Debug|x86.Build.0 = Debug|Any CPU
		{E3EF02AD-0475-4F28-8871-282BEF7E662F}.Release|Any CPU.ActiveCfg = Release|Any CPU
		{E3EF02AD-0475-4F28-8871-282BEF7E662F}.Release|Any CPU.Build.0 = Release|Any CPU
		{E3EF02AD-0475-4F28-8871-282BEF7E662F}.Release|x64.ActiveCfg = Release|Any CPU
		{E3EF02AD-0475-4F28-8871-282BEF7E662F}.Release|x64.Build.0 = Release|Any CPU
		{E3EF02AD-0475-4F28-8871-282BEF7E662F}.Release|x86.ActiveCfg = Release|Any CPU
		{E3EF02AD-0475-4F28-8871-282BEF7E662F}.Release|x86.Build.0 = Release|Any CPU
		{F62816DF-9310-4E6E-9E8C-3322EDC7A84C}.Debug|Any CPU.ActiveCfg = Debug|Any CPU
		{F62816DF-9310-4E6E-9E8C-3322EDC7A84C}.Debug|Any CPU.Build.0 = Debug|Any CPU
		{F62816DF-9310-4E6E-9E8C-3322EDC7A84C}.Debug|x64.ActiveCfg = Debug|Any CPU
		{F62816DF-9310-4E6E-9E8C-3322EDC7A84C}.Debug|x64.Build.0 = Debug|Any CPU
		{F62816DF-9310-4E6E-9E8C-3322EDC7A84C}.Debug|x86.ActiveCfg = Debug|Any CPU
		{F62816DF-9310-4E6E-9E8C-3322EDC7A84C}.Debug|x86.Build.0 = Debug|Any CPU
		{F62816DF-9310-4E6E-9E8C-3322EDC7A84C}.Release|Any CPU.ActiveCfg = Release|Any CPU
		{F62816DF-9310-4E6E-9E8C-3322EDC7A84C}.Release|Any CPU.Build.0 = Release|Any CPU
		{F62816DF-9310-4E6E-9E8C-3322EDC7A84C}.Release|x64.ActiveCfg = Release|Any CPU
		{F62816DF-9310-4E6E-9E8C-3322EDC7A84C}.Release|x64.Build.0 = Release|Any CPU
		{F62816DF-9310-4E6E-9E8C-3322EDC7A84C}.Release|x86.ActiveCfg = Release|Any CPU
		{F62816DF-9310-4E6E-9E8C-3322EDC7A84C}.Release|x86.Build.0 = Release|Any CPU
		{9AA8E6F8-50F8-444A-8C74-FC94339509F6}.Debug|Any CPU.ActiveCfg = Debug|Any CPU
		{9AA8E6F8-50F8-444A-8C74-FC94339509F6}.Debug|Any CPU.Build.0 = Debug|Any CPU
		{9AA8E6F8-50F8-444A-8C74-FC94339509F6}.Debug|x64.ActiveCfg = Debug|Any CPU
		{9AA8E6F8-50F8-444A-8C74-FC94339509F6}.Debug|x64.Build.0 = Debug|Any CPU
		{9AA8E6F8-50F8-444A-8C74-FC94339509F6}.Debug|x86.ActiveCfg = Debug|Any CPU
		{9AA8E6F8-50F8-444A-8C74-FC94339509F6}.Debug|x86.Build.0 = Debug|Any CPU
		{9AA8E6F8-50F8-444A-8C74-FC94339509F6}.Release|Any CPU.ActiveCfg = Release|Any CPU
		{9AA8E6F8-50F8-444A-8C74-FC94339509F6}.Release|Any CPU.Build.0 = Release|Any CPU
		{9AA8E6F8-50F8-444A-8C74-FC94339509F6}.Release|x64.ActiveCfg = Release|Any CPU
		{9AA8E6F8-50F8-444A-8C74-FC94339509F6}.Release|x64.Build.0 = Release|Any CPU
		{9AA8E6F8-50F8-444A-8C74-FC94339509F6}.Release|x86.ActiveCfg = Release|Any CPU
		{9AA8E6F8-50F8-444A-8C74-FC94339509F6}.Release|x86.Build.0 = Release|Any CPU
		{90E17BBD-AC7B-4D1C-95FE-CB5176737CED}.Debug|Any CPU.ActiveCfg = Debug|Any CPU
		{90E17BBD-AC7B-4D1C-95FE-CB5176737CED}.Debug|Any CPU.Build.0 = Debug|Any CPU
		{90E17BBD-AC7B-4D1C-95FE-CB5176737CED}.Debug|x64.ActiveCfg = Debug|Any CPU
		{90E17BBD-AC7B-4D1C-95FE-CB5176737CED}.Debug|x64.Build.0 = Debug|Any CPU
		{90E17BBD-AC7B-4D1C-95FE-CB5176737CED}.Debug|x86.ActiveCfg = Debug|Any CPU
		{90E17BBD-AC7B-4D1C-95FE-CB5176737CED}.Debug|x86.Build.0 = Debug|Any CPU
		{90E17BBD-AC7B-4D1C-95FE-CB5176737CED}.Release|Any CPU.ActiveCfg = Release|Any CPU
		{90E17BBD-AC7B-4D1C-95FE-CB5176737CED}.Release|Any CPU.Build.0 = Release|Any CPU
		{90E17BBD-AC7B-4D1C-95FE-CB5176737CED}.Release|x64.ActiveCfg = Release|Any CPU
		{90E17BBD-AC7B-4D1C-95FE-CB5176737CED}.Release|x64.Build.0 = Release|Any CPU
		{90E17BBD-AC7B-4D1C-95FE-CB5176737CED}.Release|x86.ActiveCfg = Release|Any CPU
		{90E17BBD-AC7B-4D1C-95FE-CB5176737CED}.Release|x86.Build.0 = Release|Any CPU
	EndGlobalSection
	GlobalSection(SolutionProperties) = preSolution
		HideSolutionNode = FALSE
	EndGlobalSection
	GlobalSection(NestedProjects) = preSolution
		{565262C2-C4BA-4F84-AEFD-640957242DB7} = {5A024705-451F-4FEC-806A-A2B57C244642}
		{E3EF02AD-0475-4F28-8871-282BEF7E662F} = {916B0890-5C6C-4D47-8EF1-59754FE8A115}
		{F62816DF-9310-4E6E-9E8C-3322EDC7A84C} = {916B0890-5C6C-4D47-8EF1-59754FE8A115}
		{9AA8E6F8-50F8-444A-8C74-FC94339509F6} = {916B0890-5C6C-4D47-8EF1-59754FE8A115}
		{90E17BBD-AC7B-4D1C-95FE-CB5176737CED} = {916B0890-5C6C-4D47-8EF1-59754FE8A115}
	EndGlobalSection
	GlobalSection(ExtensibilityGlobals) = postSolution
		SolutionGuid = {DEB8EE47-A058-4C77-8B00-3A95EA7C3053}
	EndGlobalSection
EndGlobal
