Microsoft Visual Studio Solution File, Format Version 12.00
# Visual Studio 15
VisualStudioVersion = 15.0.26730.15
MinimumVisualStudioVersion = 15.0.26124.0
Project("{2150E333-8FDC-42A3-9474-1A3956D46DE8}") = "src", "src", "{5A024705-451F-4FEC-806A-A2B57C244642}"
EndProject
Project("{9A19103F-16F7-4668-BE54-9A1E7A4F7556}") = "LSP.Client", "src\LSP.Client\LSP.Client.csproj", "{565262C2-C4BA-4F84-AEFD-640957242DB7}"
EndProject
Global
	GlobalSection(SolutionConfigurationPlatforms) = preSolution
		Debug|Any CPU = Debug|Any CPU
		Debug|x64 = Debug|x64
		Debug|x86 = Debug|x86
		Release|Any CPU = Release|Any CPU
		Release|x64 = Release|x64
		Release|x86 = Release|x86
	EndGlobalSection
	GlobalSection(ProjectConfigurationPlatforms) = postSolution
		{565262C2-C4BA-4F84-AEFD-640957242DB7}.Debug|Any CPU.ActiveCfg = Debug|Any CPU
		{565262C2-C4BA-4F84-AEFD-640957242DB7}.Debug|Any CPU.Build.0 = Debug|Any CPU
		{565262C2-C4BA-4F84-AEFD-640957242DB7}.Debug|x64.ActiveCfg = Debug|Any CPU
		{565262C2-C4BA-4F84-AEFD-640957242DB7}.Debug|x64.Build.0 = Debug|Any CPU
		{565262C2-C4BA-4F84-AEFD-640957242DB7}.Debug|x86.ActiveCfg = Debug|Any CPU
		{565262C2-C4BA-4F84-AEFD-640957242DB7}.Debug|x86.Build.0 = Debug|Any CPU
		{565262C2-C4BA-4F84-AEFD-640957242DB7}.Release|Any CPU.ActiveCfg = Release|Any CPU
		{565262C2-C4BA-4F84-AEFD-640957242DB7}.Release|Any CPU.Build.0 = Release|Any CPU
		{565262C2-C4BA-4F84-AEFD-640957242DB7}.Release|x64.ActiveCfg = Release|Any CPU
		{565262C2-C4BA-4F84-AEFD-640957242DB7}.Release|x64.Build.0 = Release|Any CPU
		{565262C2-C4BA-4F84-AEFD-640957242DB7}.Release|x86.ActiveCfg = Release|Any CPU
		{565262C2-C4BA-4F84-AEFD-640957242DB7}.Release|x86.Build.0 = Release|Any CPU
	EndGlobalSection
	GlobalSection(SolutionProperties) = preSolution
		HideSolutionNode = FALSE
	EndGlobalSection
	GlobalSection(NestedProjects) = preSolution
		{565262C2-C4BA-4F84-AEFD-640957242DB7} = {5A024705-451F-4FEC-806A-A2B57C244642}
	EndGlobalSection
	GlobalSection(ExtensibilityGlobals) = postSolution
		SolutionGuid = {DEB8EE47-A058-4C77-8B00-3A95EA7C3053}
	EndGlobalSection
EndGlobal
